{
  "lockfileVersion": 1,
  "configVersion": 0,
  "workspaces": {
    "": {
      "name": "frontend",
      "dependencies": {
        "marked": "^18.0.5",
      },
      "devDependencies": {
        "vite": "^3.0.7",
      },
    },
  },
  "packages": {
    "@esbuild/android-arm": ["@esbuild/android-arm@0.15.18", "", { "os": "android", "cpu": "arm" }, "sha512-5GT+kcs2WVGjVs7+boataCkO5Fg0y4kCjzkB5bAip7H4jfnOS3dA6KPiww9W1OEKTKeAcUVhdZGvgI65OXmUnw=="],

    "@esbuild/linux-loong64": ["@esbuild/linux-loong64@0.15.18", "", { "os": "linux", "cpu": "none" }, "sha512-L4jVKS82XVhw2nvzLg/19ClLWg0y27ulRwuP7lcyL6AbUWB5aPglXY3M21mauDQMDfRLs8cQmeT03r/+X3cZYQ=="],

    "es-errors": ["es-errors@1.3.0", "", {}, "sha512-Zf5H2Kxt2xjTvbJvP2ZWLEICxA6j+hAmMzIlypy4xcBg1vKVnx89Wy0GbS+kf5cwCVFFzdCFh2XSCFNULS6csw=="],

    "esbuild": ["esbuild@0.15.18", "", { "optionalDependencies": { "@esbuild/android-arm": "0.15.18", "@esbuild/linux-loong64": "0.15.18", "esbuild-android-64": "0.15.18", "esbuild-android-arm64": "0.15.18", "esbuild-darwin-64": "0.15.18", "esbuild-darwin-arm64": "0.15.18", "esbuild-freebsd-64": "0.15.18", "esbuild-freebsd-arm64": "0.15.18", "esbuild-linux-32": "0.15.18", "esbuild-linux-64": "0.15.18", "esbuild-linux-arm": "0.15.18", "esbuild-linux-arm64": "0.15.18", "esbuild-linux-mips64le": "0.15.18", "esbuild-linux-ppc64le": "0.15.18", "esbuild-linux-riscv64": "0.15.18", "esbuild-linux-s390x": "0.15.18", "esbuild-netbsd-64": "0.15.18", "esbuild-openbsd-64": "0.15.18", "esbuild-sunos-64": "0.15.18", "esbuild-windows-32": "0.15.18", "esbuild-windows-64": "0.15.18", "esbuild-windows-arm64": "0.15.18" }, "bin": "bin/esbuild" }, "sha512-x/R72SmW3sSFRm5zrrIjAhCeQSAWoni3CmHEqfQrZIQTM3lVCdehdwuIqaOtfC2slvpdlLa62GYoN8SxT23m6Q=="],

    "esbuild-android-64": ["esbuild-android-64@0.15.18", "", { "os": "android", "cpu": "x64" }, "sha512-wnpt3OXRhcjfIDSZu9bnzT4/TNTDsOUvip0foZOUBG7QbSt//w3QV4FInVJxNhKc/ErhUxc5z4QjHtMi7/TbgA=="],

    "esbuild-android-arm64": ["esbuild-android-arm64@0.15.18", "", { "os": "android", "cpu": "arm64" }, "sha512-G4xu89B8FCzav9XU8EjsXacCKSG2FT7wW9J6hOc18soEHJdtWu03L3TQDGf0geNxfLTtxENKBzMSq9LlbjS8OQ=="],

    "esbuild-darwin-64": ["esbuild-darwin-64@0.15.18", "", { "os": "darwin", "cpu": "x64" }, "sha512-2WAvs95uPnVJPuYKP0Eqx+Dl/jaYseZEUUT1sjg97TJa4oBtbAKnPnl3b5M9l51/nbx7+QAEtuummJZW0sBEmg=="],

    "esbuild-darwin-arm64": ["esbuild-darwin-arm64@0.15.18", "", { "os": "darwin", "cpu": "arm64" }, "sha512-tKPSxcTJ5OmNb1btVikATJ8NftlyNlc8BVNtyT/UAr62JFOhwHlnoPrhYWz09akBLHI9nElFVfWSTSRsrZiDUA=="],

    "esbuild-freebsd-64": ["esbuild-freebsd-64@0.15.18", "", { "os": "freebsd", "cpu": "x64" }, "sha512-TT3uBUxkteAjR1QbsmvSsjpKjOX6UkCstr8nMr+q7zi3NuZ1oIpa8U41Y8I8dJH2fJgdC3Dj3CXO5biLQpfdZA=="],

    "esbuild-freebsd-arm64": ["esbuild-freebsd-arm64@0.15.18", "", { "os": "freebsd", "cpu": "arm64" }, "sha512-R/oVr+X3Tkh+S0+tL41wRMbdWtpWB8hEAMsOXDumSSa6qJR89U0S/PpLXrGF7Wk/JykfpWNokERUpCeHDl47wA=="],

    "esbuild-linux-32": ["esbuild-linux-32@0.15.18", "", { "os": "linux", "cpu": "ia32" }, "sha512-lphF3HiCSYtaa9p1DtXndiQEeQDKPl9eN/XNoBf2amEghugNuqXNZA/ZovthNE2aa4EN43WroO0B85xVSjYkbg=="],

    "esbuild-linux-64": ["esbuild-linux-64@0.15.18", "", { "os": "linux", "cpu": "x64" }, "sha512-hNSeP97IviD7oxLKFuii5sDPJ+QHeiFTFLoLm7NZQligur8poNOWGIgpQ7Qf8Balb69hptMZzyOBIPtY09GZYw=="],

    "esbuild-linux-arm": ["esbuild-linux-arm@0.15.18", "", { "os": "linux", "cpu": "arm" }, "sha512-UH779gstRblS4aoS2qpMl3wjg7U0j+ygu3GjIeTonCcN79ZvpPee12Qun3vcdxX+37O5LFxz39XeW2I9bybMVA=="],

    "esbuild-linux-arm64": ["esbuild-linux-arm64@0.15.18", "", { "os": "linux", "cpu": "arm64" }, "sha512-54qr8kg/6ilcxd+0V3h9rjT4qmjc0CccMVWrjOEM/pEcUzt8X62HfBSeZfT2ECpM7104mk4yfQXkosY8Quptug=="],

    "esbuild-linux-mips64le": ["esbuild-linux-mips64le@0.15.18", "", { "os": "linux", "cpu": "none" }, "sha512-Mk6Ppwzzz3YbMl/ZZL2P0q1tnYqh/trYZ1VfNP47C31yT0K8t9s7Z077QrDA/guU60tGNp2GOwCQnp+DYv7bxQ=="],

    "esbuild-linux-ppc64le": ["esbuild-linux-ppc64le@0.15.18", "", { "os": "linux", "cpu": "ppc64" }, "sha512-b0XkN4pL9WUulPTa/VKHx2wLCgvIAbgwABGnKMY19WhKZPT+8BxhZdqz6EgkqCLld7X5qiCY2F/bfpUUlnFZ9w=="],

    "esbuild-linux-riscv64": ["esbuild-linux-riscv64@0.15.18", "", { "os": "linux", "cpu": "none" }, "sha512-ba2COaoF5wL6VLZWn04k+ACZjZ6NYniMSQStodFKH/Pu6RxzQqzsmjR1t9QC89VYJxBeyVPTaHuBMCejl3O/xg=="],

    "esbuild-linux-s390x": ["esbuild-linux-s390x@0.15.18", "", { "os": "linux", "cpu": "s390x" }, "sha512-VbpGuXEl5FCs1wDVp93O8UIzl3ZrglgnSQ+Hu79g7hZu6te6/YHgVJxCM2SqfIila0J3k0csfnf8VD2W7u2kzQ=="],

    "esbuild-netbsd-64": ["esbuild-netbsd-64@0.15.18", "", { "os": "none", "cpu": "x64" }, "sha512-98ukeCdvdX7wr1vUYQzKo4kQ0N2p27H7I11maINv73fVEXt2kyh4K4m9f35U1K43Xc2QGXlzAw0K9yoU7JUjOg=="],

    "esbuild-openbsd-64": ["esbuild-openbsd-64@0.15.18", "", { "os": "openbsd", "cpu": "x64" }, "sha512-yK5NCcH31Uae076AyQAXeJzt/vxIo9+omZRKj1pauhk3ITuADzuOx5N2fdHrAKPxN+zH3w96uFKlY7yIn490xQ=="],

    "esbuild-sunos-64": ["esbuild-sunos-64@0.15.18", "", { "os": "sunos", "cpu": "x64" }, "sha512-On22LLFlBeLNj/YF3FT+cXcyKPEI263nflYlAhz5crxtp3yRG1Ugfr7ITyxmCmjm4vbN/dGrb/B7w7U8yJR9yw=="],

    "esbuild-windows-32": ["esbuild-windows-32@0.15.18", "", { "os": "win32", "cpu": "ia32" }, "sha512-o+eyLu2MjVny/nt+E0uPnBxYuJHBvho8vWsC2lV61A7wwTWC3jkN2w36jtA+yv1UgYkHRihPuQsL23hsCYGcOQ=="],

    "esbuild-windows-64": ["esbuild-windows-64@0.15.18", "", { "os": "win32", "cpu": "x64" }, "sha512-qinug1iTTaIIrCorAUjR0fcBk24fjzEedFYhhispP8Oc7SFvs+XeW3YpAKiKp8dRpizl4YYAhxMjlftAMJiaUw=="],

    "esbuild-windows-arm64": ["esbuild-windows-arm64@0.15.18", "", { "os": "win32", "cpu": "arm64" }, "sha512-q9bsYzegpZcLziq0zgUi5KqGVtfhjxGbnksaBFYmWLxeV/S1fK4OLdq2DFYnXcLMjlZw2L0jLsk1eGoB522WXQ=="],

    "fsevents": ["fsevents@2.3.3", "", { "os": "darwin" }, "sha512-5xoDfX+fL7faATnagmWPpbFtwh/R77WmMMqqHGS65C3vvB0YHrgF+B1YmZ3441tMj5n63k0212XNoJwzlhffQw=="],

    "function-bind": ["function-bind@1.1.2", "", {}, "sha512-7XHNxH7qX9xG5mIwxkhumTox/MIRNcOgDrxWsMt2pAr23WHp6MrRlN7FBSFpCpr+oVO0F744iUgR82nJMfG2SA=="],

    "hasown": ["hasown@2.0.4", "", { "dependencies": { "function-bind": "^1.1.2" } }, "sha512-T2UbfbBEF32wiepXIsMlTW9+dDYC6wMh/t/vYA4tuOMKqWz/n3vr1NFSxQiyP+zk2mXsoMA/i/7qV6LKut1t1A=="],

    "is-core-module": ["is-core-module@2.16.2", "", { "dependencies": { "hasown": "^2.0.3" } }, "sha512-evOr8xfXKxE6qSR0hSXL2r3sd7ALj8+7jQEUvPYcm5sgZFdJ+AYzT6yNmJenvIYQBgIGwfwz08sL8zoL7yq2BA=="],

    "marked": ["marked@18.0.5", "", { "bin": { "marked": "bin/marked.js" } }, "sha512-S6GcvALHg6K4ohtu4E7x0a1AqhAjp6cV8KhLSyN9qVapnzJkusVBxZRcIU9AeYsbe6P1hKDusSbEOzGyyuce6w=="],

    "nanoid": ["nanoid@3.3.12", "", { "bin": "bin/nanoid.cjs" }, "sha512-ZB9RH/39qpq5Vu6Y+NmUaFhQR6pp+M2Xt76XBnEwDaGcVAqhlvxrl3B2bKS5D3NH3QR76v3aSrKaF/Kiy7lEtQ=="],

    "path-parse": ["path-parse@1.0.7", "", {}, "sha512-LDJzPVEEEPR+y48z93A0Ed0yXb8pAByGWo/k5YYdYgpY2/2EsOsksJrq7lOHxryrVOn1ejG6oAp8ahvOIQD8sw=="],

    "picocolors": ["picocolors@1.1.1", "", {}, "sha512-xceH2snhtb5M9liqDsmEw56le376mTZkEX/jEb/RxNFyegNul7eNslCXP9FDj/Lcu0X8KEyMceP2ntpaHrDEVA=="],

    "postcss": ["postcss@8.5.15", "", { "dependencies": { "nanoid": "^3.3.12", "picocolors": "^1.1.1", "source-map-js": "^1.2.1" } }, "sha512-FfR8sjd4em2T6fb3I2MwAJU7HWVMr9zba+enmQeeWFfCbm+UOC/0X4DS8XtpUTMwWMGbjKYP7xjfNekzyGmB3A=="],

    "resolve": ["resolve@1.22.12", "", { "dependencies": { "es-errors": "^1.3.0", "is-core-module": "^2.16.1", "path-parse": "^1.0.7", "supports-preserve-symlinks-flag": "^1.0.0" }, "bin": "bin/resolve" }, "sha512-TyeJ1zif53BPfHootBGwPRYT1RUt6oGWsaQr8UyZW/eAm9bKoijtvruSDEmZHm92CwS9nj7/fWttqPCgzep8CA=="],

    "rollup": ["rollup@2.80.0", "", { "optionalDependencies": { "fsevents": "~2.3.2" }, "bin": "dist/bin/rollup" }, "sha512-cIFJOD1DESzpjOBl763Kp1AH7UE/0fcdHe6rZXUdQ9c50uvgigvW97u3IcSeBwOkgqL/PXPBktBCh0KEu5L8XQ=="],

    "source-map-js": ["source-map-js@1.2.1", "", {}, "sha512-UXWMKhLOwVKb728IUtQPXxfYU+usdybtUrK/8uGE8CQMvrhOpwvzDBwj0QhSL7MQc7vIsISBG8VQ8+IDQxpfQA=="],

    "supports-preserve-symlinks-flag": ["supports-preserve-symlinks-flag@1.0.0", "", {}, "sha512-ot0WnXS9fgdkgIcePe6RHNk1WA8+muPa6cSjeR3V8K27q9BB1rTE3R1p7Hv0z1ZyAc8s6Vvv8DIyWf681MAt0w=="],

    "vite": ["vite@3.2.11", "", { "dependencies": { "esbuild": "^0.15.9", "postcss": "^8.4.18", "resolve": "^1.22.1", "rollup": "^2.79.1" }, "optionalDependencies": { "fsevents": "~2.3.2" }, "peerDependencies": { "@types/node": ">= 14", "less": "*", "sass": "*", "stylus": "*", "sugarss": "*", "terser": "^5.4.0" }, "optionalPeers": ["@types/node", "less", "sass", "stylus", "sugarss", "terser"], "bin": "bin/vite.js" }, "sha512-K/jGKL/PgbIgKCiJo5QbASQhFiV02X9Jh+Qq0AKCRCRKZtOTVi4t6wh75FDpGf2N9rYOnzH87OEFQNaFy6pdxQ=="],
  }
}
